
Microsoft Visual Studio Solution File, Format Version 11.00
# Visual Studio 2010
Project("{8BC9CEB8-8B4A-11D0-8D11-00A0C91BC942}") = "variables", "variables\variables.vcxproj", "{9AC9A902-E5C1-476B-8EFF-EB04048B28D4}"
EndProject
Global
	GlobalSection(SolutionConfigurationPlatforms) = preSolution
		Debug|Win32 = Debug|Win32
		Release|Win32 = Release|Win32
	EndGlobalSection
	GlobalSection(ProjectConfigurationPlatforms) = postSolution
		{9AC9A902-E5C1-476B-8EFF-EB04048B28D4}.Debug|Win32.ActiveCfg = Debug|Win32
		{9AC9A902-E5C1-476B-8EFF-EB04048B28D4}.Debug|Win32.Build.0 = Debug|Win32
		{9AC9A902-E5C1-476B-8EFF-EB04048B28D4}.Release|Win32.ActiveCfg = Release|Win32
		{9AC9A902-E5C1-476B-8EFF-EB04048B28D4}.Release|Win32.Build.0 = Release|Win32
	EndGlobalSection
	GlobalSection(SolutionProperties) = preSolution
		HideSolutionNode = FALSE
	EndGlobalSection
EndGlobal
