
Microsoft Visual Studio Solution File, Format Version 11.00
# Visual Studio 2010
Project("{8BC9CEB8-8B4A-11D0-8D11-00A0C91BC942}") = "Initials", "Initials.vcxproj", "{464AB2AD-A66B-469C-9A55-44E38BC54752}"
EndProject
Global
	GlobalSection(SolutionConfigurationPlatforms) = preSolution
		Debug|Win32 = Debug|Win32
		Release|Win32 = Release|Win32
	EndGlobalSection
	GlobalSection(ProjectConfigurationPlatforms) = postSolution
		{464AB2AD-A66B-469C-9A55-44E38BC54752}.Debug|Win32.ActiveCfg = Debug|Win32
		{464AB2AD-A66B-469C-9A55-44E38BC54752}.Debug|Win32.Build.0 = Debug|Win32
		{464AB2AD-A66B-469C-9A55-44E38BC54752}.Release|Win32.ActiveCfg = Release|Win32
		{464AB2AD-A66B-469C-9A55-44E38BC54752}.Release|Win32.Build.0 = Release|Win32
	EndGlobalSection
	GlobalSection(SolutionProperties) = preSolution
		HideSolutionNode = FALSE
	EndGlobalSection
EndGlobal
